# This file is automatically @generated by Cargo.
# It is not intended for manual editing.
version = 4

[[package]]
name = "km-init"
version = "0.1.0"
dependencies = [
 "nanokit",
]

[[package]]
name = "nanokit"
version = "0.1.0"
source = "git+https://github.com/Urriverse/nanokit.git?branch=main#e74a8b0c6122487eb0faeb0b7addc6c52cb3e842"
