# This file is automatically @generated by Cargo.
# It is not intended for manual editing.
version = 4

[[package]]
name = "bitflags"
version = "2.13.0"
source = "registry+https://github.com/rust-lang/crates.io-index"
checksum = "b4388bee8683e3d04af747c73422af53102d2bd24d9eadb6cbc100baef4b43f8"

[[package]]
name = "extrum"
version = "0.1.3"
source = "registry+https://github.com/rust-lang/crates.io-index"
checksum = "37eb048fb996ff4a7450fa8cfe253456c03a2f0cf9e5f01fc5617f7d3105ae15"

[[package]]
name = "ketypes"
version = "0.1.0"
source = "git+https://github.com/Urriverse/ketypes.git?branch=main#8fca54a07206f1734f5408515d1d9cc60549d55c"
dependencies = [
 "bitflags",
 "extrum",
]

[[package]]
name = "km-init"
version = "0.1.0"
dependencies = [
 "ketypes",
 "lazy_static",
 "nk",
]

[[package]]
name = "lazy_static"
version = "1.5.0"
source = "registry+https://github.com/rust-lang/crates.io-index"
checksum = "bbd2bcb4c963f2ddae06a2efc7e9f3591312473c50c6685e1f298068316e66fe"
dependencies = [
 "spin",
]

[[package]]
name = "nk"
version = "0.1.0"
source = "git+https://github.com/Urriverse/nanokit.git?branch=main#6f8a08adaf2b4203cf256b31684c4439e60f13a0"
dependencies = [
 "ketypes",
]

[[package]]
name = "spin"
version = "0.9.8"
source = "registry+https://github.com/rust-lang/crates.io-index"
checksum = "6980e8d7511241f8acf4aebddbb1ff938df5eebe98691418c4468d0b72a96a67"
